# THIS IS AN AUTOGENERATED FILE. DO NOT EDIT THIS FILE DIRECTLY.
# yarn lockfile v1


nodemailer@^6.9.4:
  version "6.9.4"
  resolved "https://registry.yarnpkg.com/nodemailer/-/nodemailer-6.9.4.tgz#93bd4a60eb0be6fa088a0483340551ebabfd2abf"
  integrity sha512-CXjQvrQZV4+6X5wP6ZIgdehJamI63MFoYFGGPtHudWym9qaEHDNdPzaj5bfMCvxG1vhAileSWW90q7nL0N36mA==
